<Solution>
  <Folder Name="/src/" />
  <Folder Name="/src/POS/">
    <Project Path="src/POS/CgPos.Pos.Agente/CgPos.Pos.Agente.csproj" />
    <Project Path="src/POS/CgPos.Pos.Aplicacion/CgPos.Pos.Aplicacion.csproj" />
    <Project Path="src/POS/CgPos.Pos.Infraestructura/CgPos.Pos.Infraestructura.csproj" />
    <Project Path="src/POS/CgPos.Pos.Web/CgPos.Pos.Web.csproj" />
  </Folder>
  <Folder Name="/src/Central/">
    <Project Path="src/Central/CgPos.Central.Api/CgPos.Central.Api.csproj" />
    <Project Path="src/Central/CgPos.Central.Aplicacion/CgPos.Central.Aplicacion.csproj" />
    <Project Path="src/Central/CgPos.Central.Infraestructura/CgPos.Central.Infraestructura.csproj" />
    <Project Path="src/Central/CgPos.Central.Web/CgPos.Central.Web.csproj" />
  </Folder>
  <Folder Name="/src/Compartido/">
    <Project Path="src/Compartido/CgPos.Contratos/CgPos.Contratos.csproj" />
    <Project Path="src/Compartido/CgPos.Dominio/CgPos.Dominio.csproj" />
    <Project Path="src/Compartido/CgPos.ECF/CgPos.ECF.csproj" />
    <Project Path="src/Compartido/CgPos.Interfaz/CgPos.Interfaz.csproj" />
  </Folder>
  <Folder Name="/pruebas/">
    <Project Path="pruebas/CgPos.Central.Pruebas/CgPos.Central.Pruebas.csproj" />
    <Project Path="pruebas/CgPos.Dominio.Pruebas/CgPos.Dominio.Pruebas.csproj" />
    <Project Path="pruebas/CgPos.ECF.Pruebas/CgPos.ECF.Pruebas.csproj" />
    <Project Path="pruebas/CgPos.Pos.Pruebas/CgPos.Pos.Pruebas.csproj" />
  </Folder>
</Solution>
